Microsoft Visual Studio Solution File, Format Version 9.00
# Visual Studio 2005
Project("{FAE04EC0-301F-11D3-BF4B-00C04F79EFBC}") = "GenericGPS.Y2008.M03.proxy", "GenericGPS.Y2008.M03.proxy.csproj", "{69C4AEEF-0166-4FEB-AE05-DFC06F57A051}"
EndProject
Global
	GlobalSection(SolutionConfigurationPlatforms) = preSolution
		Debug|Any CPU = Debug|Any CPU
		Release|Any CPU = Release|Any CPU
	EndGlobalSection
	GlobalSection(ProjectConfigurationPlatforms) = postSolution
		{69C4AEEF-0166-4FEB-AE05-DFC06F57A051}.Debug|Any CPU.ActiveCfg = Debug|Any CPU
		{69C4AEEF-0166-4FEB-AE05-DFC06F57A051}.Debug|Any CPU.Build.0 = Debug|Any CPU
		{69C4AEEF-0166-4FEB-AE05-DFC06F57A051}.Release|Any CPU.ActiveCfg = Release|Any CPU
		{69C4AEEF-0166-4FEB-AE05-DFC06F57A051}.Release|Any CPU.Build.0 = Release|Any CPU
	EndGlobalSection
	GlobalSection(SolutionProperties) = preSolution
		HideSolutionNode = FALSE
	EndGlobalSection
EndGlobal