Microsoft Visual Studio Solution File, Format Version 9.00
# Visual Studio 2005
Project("{FAE04EC0-301F-11D3-BF4B-00C04F79EFBC}") = "GenericGPS.Y2008.M03.proxy", "GenericGPS.Y2008.M03.proxy.csproj", "{19D1BBC9-9B21-4F74-B830-E598EBD4A42B}"
EndProject
Global
	GlobalSection(SolutionConfigurationPlatforms) = preSolution
		Debug|Any CPU = Debug|Any CPU
		Release|Any CPU = Release|Any CPU
	EndGlobalSection
	GlobalSection(ProjectConfigurationPlatforms) = postSolution
		{19D1BBC9-9B21-4F74-B830-E598EBD4A42B}.Debug|Any CPU.ActiveCfg = Debug|Any CPU
		{19D1BBC9-9B21-4F74-B830-E598EBD4A42B}.Debug|Any CPU.Build.0 = Debug|Any CPU
		{19D1BBC9-9B21-4F74-B830-E598EBD4A42B}.Release|Any CPU.ActiveCfg = Release|Any CPU
		{19D1BBC9-9B21-4F74-B830-E598EBD4A42B}.Release|Any CPU.Build.0 = Release|Any CPU
	EndGlobalSection
	GlobalSection(SolutionProperties) = preSolution
		HideSolutionNode = FALSE
	EndGlobalSection
EndGlobal