
Microsoft Visual Studio Solution File, Format Version 10.00
# Visual Studio 2008
Project("{FAE04EC0-301F-11D3-BF4B-00C04F79EFBC}") = "GenericGPS", "GenericGPS\GenericGPS.csproj", "{9CF1794D-6BCC-4C95-B685-773A4A46C538}"
EndProject
Project("{FAE04EC0-301F-11D3-BF4B-00C04F79EFBC}") = "MainControl", "MainControl\MainControl.csproj", "{4E8EF43B-5960-44F1-BCAF-31B73E29CE11}"
EndProject
Project("{FAE04EC0-301F-11D3-BF4B-00C04F79EFBC}") = "GenericIMU", "GenericIMU\GenericIMU.csproj", "{2AD50060-C668-446A-A4A8-AA3FA88F7B90}"
EndProject
Project("{FAE04EC0-301F-11D3-BF4B-00C04F79EFBC}") = "GenericMotor", "GenericMotor\GenericMotor.csproj", "{15FFE89A-BF33-40B4-A633-8F194AF53471}"
EndProject
Project("{FAE04EC0-301F-11D3-BF4B-00C04F79EFBC}") = "ConeDetect", "ConeDetect\ConeDetect.csproj", "{B7F3251E-9266-4A3D-AA61-5241637C087F}"
EndProject
Project("{FAE04EC0-301F-11D3-BF4B-00C04F79EFBC}") = "GenericCompass", "GenericCompass\GenericCompass.csproj", "{D9A7D6BC-50D4-42BE-B273-8E69D195B85F}"
EndProject
Global
	GlobalSection(SolutionConfigurationPlatforms) = preSolution
		Debug|Any CPU = Debug|Any CPU
		Release|Any CPU = Release|Any CPU
	EndGlobalSection
	GlobalSection(ProjectConfigurationPlatforms) = postSolution
		{9CF1794D-6BCC-4C95-B685-773A4A46C538}.Debug|Any CPU.ActiveCfg = Debug|Any CPU
		{9CF1794D-6BCC-4C95-B685-773A4A46C538}.Debug|Any CPU.Build.0 = Debug|Any CPU
		{9CF1794D-6BCC-4C95-B685-773A4A46C538}.Release|Any CPU.ActiveCfg = Release|Any CPU
		{9CF1794D-6BCC-4C95-B685-773A4A46C538}.Release|Any CPU.Build.0 = Release|Any CPU
		{4E8EF43B-5960-44F1-BCAF-31B73E29CE11}.Debug|Any CPU.ActiveCfg = Debug|Any CPU
		{4E8EF43B-5960-44F1-BCAF-31B73E29CE11}.Debug|Any CPU.Build.0 = Debug|Any CPU
		{4E8EF43B-5960-44F1-BCAF-31B73E29CE11}.Release|Any CPU.ActiveCfg = Release|Any CPU
		{4E8EF43B-5960-44F1-BCAF-31B73E29CE11}.Release|Any CPU.Build.0 = Release|Any CPU
		{2AD50060-C668-446A-A4A8-AA3FA88F7B90}.Debug|Any CPU.ActiveCfg = Debug|Any CPU
		{2AD50060-C668-446A-A4A8-AA3FA88F7B90}.Release|Any CPU.ActiveCfg = Release|Any CPU
		{2AD50060-C668-446A-A4A8-AA3FA88F7B90}.Release|Any CPU.Build.0 = Release|Any CPU
		{15FFE89A-BF33-40B4-A633-8F194AF53471}.Debug|Any CPU.ActiveCfg = Debug|Any CPU
		{15FFE89A-BF33-40B4-A633-8F194AF53471}.Debug|Any CPU.Build.0 = Debug|Any CPU
		{15FFE89A-BF33-40B4-A633-8F194AF53471}.Release|Any CPU.ActiveCfg = Release|Any CPU
		{15FFE89A-BF33-40B4-A633-8F194AF53471}.Release|Any CPU.Build.0 = Release|Any CPU
		{B7F3251E-9266-4A3D-AA61-5241637C087F}.Debug|Any CPU.ActiveCfg = Debug|Any CPU
		{B7F3251E-9266-4A3D-AA61-5241637C087F}.Debug|Any CPU.Build.0 = Debug|Any CPU
		{B7F3251E-9266-4A3D-AA61-5241637C087F}.Release|Any CPU.ActiveCfg = Release|Any CPU
		{B7F3251E-9266-4A3D-AA61-5241637C087F}.Release|Any CPU.Build.0 = Release|Any CPU
		{D9A7D6BC-50D4-42BE-B273-8E69D195B85F}.Debug|Any CPU.ActiveCfg = Debug|Any CPU
		{D9A7D6BC-50D4-42BE-B273-8E69D195B85F}.Debug|Any CPU.Build.0 = Debug|Any CPU
		{D9A7D6BC-50D4-42BE-B273-8E69D195B85F}.Release|Any CPU.ActiveCfg = Release|Any CPU
		{D9A7D6BC-50D4-42BE-B273-8E69D195B85F}.Release|Any CPU.Build.0 = Release|Any CPU
	EndGlobalSection
	GlobalSection(SolutionProperties) = preSolution
		HideSolutionNode = FALSE
	EndGlobalSection
EndGlobal
